
Microsoft Visual Studio Solution File, Format Version 12.00
# Visual Studio 2013
VisualStudioVersion = 12.0.31101.0
MinimumVisualStudioVersion = 10.0.40219.1
Project("{FAE04EC0-301F-11D3-BF4B-00C04F79EFBC}") = "ImageDownload", "ImageDownload\ImageDownload.csproj", "{069F78ED-4777-4D16-B653-18072B78E432}"
EndProject
Global
	GlobalSection(SolutionConfigurationPlatforms) = preSolution
		Debug|Any CPU = Debug|Any CPU
		Release|Any CPU = Release|Any CPU
	EndGlobalSection
	GlobalSection(ProjectConfigurationPlatforms) = postSolution
		{069F78ED-4777-4D16-B653-18072B78E432}.Debug|Any CPU.ActiveCfg = Debug|Any CPU
		{069F78ED-4777-4D16-B653-18072B78E432}.Debug|Any CPU.Build.0 = Debug|Any CPU
		{069F78ED-4777-4D16-B653-18072B78E432}.Release|Any CPU.ActiveCfg = Release|Any CPU
		{069F78ED-4777-4D16-B653-18072B78E432}.Release|Any CPU.Build.0 = Release|Any CPU
	EndGlobalSection
	GlobalSection(SolutionProperties) = preSolution
		HideSolutionNode = FALSE
	EndGlobalSection
EndGlobal
